// !$*UTF8*$!
{
	archiveVersion = 1;
	classes = {
	};
	objectVersion = 51;
	objects = {

/* Begin PBXBuildFile section */
		14F6782B240630E100F3F89F /* AppDelegate.swift in Sources */ = {isa = PBXBuildFile; fileRef = 14F6782A240630E100F3F89F /* AppDelegate.swift */; };
		14F6782D240630E100F3F89F /* SceneDelegate.swift in Sources */ = {isa = PBXBuildFile; fileRef = 14F6782C240630E100F3F89F /* SceneDelegate.swift */; };
		14F6782F240630E100F3F89F /* ViewController.swift in Sources */ = {isa = PBXBuildFile; fileRef = 14F6782E240630E100F3F89F /* ViewController.swift */; };
		14F67832240630E100F3F89F /* Main.storyboard in Resources */ = {isa = PBXBuildFile; fileRef = 14F67830240630E100F3F89F /* Main.storyboard */; };
		14F67834240630E200F3F89F /* Assets.xcassets in Resources */ = {isa = PBXBuildFile; fileRef = 14F67833240630E200F3F89F /* Assets.xcassets */; };
		14F67837240630E200F3F89F /* LaunchScreen.storyboard in Resources */ = {isa = PBXBuildFile; fileRef = 14F67835240630E200F3F89F /* LaunchScreen.storyboard */; };
		14F6783F240634BE00F3F89F /* AnimationModel.swift in Sources */ = {isa = PBXBuildFile; fileRef = 14F6783E240634BE00F3F89F /* AnimationModel.swift */; };
		14F6784124063F0700F3F89F /* DataManager.swift in Sources */ = {isa = PBXBuildFile; fileRef = 14F6784024063F0700F3F89F /* DataManager.swift */; };
		54ED1CBE1A2B48E392A0BE2A /* Pods_AnimationAppHW.framework in Frameworks */ = {isa = PBXBuildFile; fileRef = EC75FC53A80DF34D411969DE /* Pods_AnimationAppHW.framework */; };
/* End PBXBuildFile section */

/* Begin PBXFileReference section */
		14F67827240630E100F3F89F /* AnimationAppHW.app */ = {isa = PBXFileReference; explicitFileType = wrapper.application; includeInIndex = 0; path = AnimationAppHW.app; sourceTree = BUILT_PRODUCTS_DIR; };
		14F6782A240630E100F3F89F /* AppDelegate.swift */ = {isa = PBXFileReference; lastKnownFileType = sourcecode.swift; path = AppDelegate.swift; sourceTree = "<group>"; };
		14F6782C240630E100F3F89F /* SceneDelegate.swift */ = {isa = PBXFileReference; lastKnownFileType = sourcecode.swift; path = SceneDelegate.swift; sourceTree = "<group>"; };
		14F6782E240630E100F3F89F /* ViewController.swift */ = {isa = PBXFileReference; lastKnownFileType = sourcecode.swift; path = ViewController.swift; sourceTree = "<group>"; };
		14F67831240630E100F3F89F /* Base */ = {isa = PBXFileReference; lastKnownFileType = file.storyboard; name = Base; path = Base.lproj/Main.storyboard; sourceTree = "<group>"; };
		14F67833240630E200F3F89F /* Assets.xcassets */ = {isa = PBXFileReference; lastKnownFileType = folder.assetcatalog; path = Assets.xcassets; sourceTree = "<group>"; };
		14F67836240630E200F3F89F /* Base */ = {isa = PBXFileReference; lastKnownFileType = file.storyboard; name = Base; path = Base.lproj/LaunchScreen.storyboard; sourceTree = "<group>"; };
		14F67838240630E200F3F89F /* Info.plist */ = {isa = PBXFileReference; lastKnownFileType = text.plist.xml; path = Info.plist; sourceTree = "<group>"; };
		14F6783E240634BE00F3F89F /* AnimationModel.swift */ = {isa = PBXFileReference; lastKnownFileType = sourcecode.swift; path = AnimationModel.swift; sourceTree = "<group>"; };
		14F6784024063F0700F3F89F /* DataManager.swift */ = {isa = PBXFileReference; lastKnownFileType = sourcecode.swift; path = DataManager.swift; sourceTree = "<group>"; };
		AC8B50A8EE422A5078CA33BB /* Pods-AnimationAppHW.release.xcconfig */ = {isa = PBXFileReference; includeInIndex = 1; lastKnownFileType = text.xcconfig; name = "Pods-AnimationAppHW.release.xcconfig"; path = "Target Support Files/Pods-AnimationAppHW/Pods-AnimationAppHW.release.xcconfig"; sourceTree = "<group>"; };
		B430796E3A42B69F8993AA59 /* Pods-AnimationAppHW.debug.xcconfig */ = {isa = PBXFileReference; includeInIndex = 1; lastKnownFileType = text.xcconfig; name = "Pods-AnimationAppHW.debug.xcconfig"; path = "Target Support Files/Pods-AnimationAppHW/Pods-AnimationAppHW.debug.xcconfig"; sourceTree = "<group>"; };
		EC75FC53A80DF34D411969DE /* Pods_AnimationAppHW.framework */ = {isa = PBXFileReference; explicitFileType = wrapper.framework; includeInIndex = 0; path = Pods_AnimationAppHW.framework; sourceTree = BUILT_PRODUCTS_DIR; };
/* End PBXFileReference section */

/* Begin PBXFrameworksBuildPhase section */
		14F67824240630E100F3F89F /* Frameworks */ = {
			isa = PBXFrameworksBuildPhase;
			buildActionMask = 2147483647;
			files = (
				54ED1CBE1A2B48E392A0BE2A /* Pods_AnimationAppHW.framework in Frameworks */,
			);
			runOnlyForDeploymentPostprocessing = 0;
		};
/* End PBXFrameworksBuildPhase section */

/* Begin PBXGroup section */
		14F6781E240630E100F3F89F = {
			isa = PBXGroup;
			children = (
				14F67829240630E100F3F89F /* AnimationAppHW */,
				14F67828240630E100F3F89F /* Products */,
				4615C56E30166E40FF18FA42 /* Pods */,
				92E030C71AF5BA675E9FEC5A /* Frameworks */,
			);
			sourceTree = "<group>";
		};
		14F67828240630E100F3F89F /* Products */ = {
			isa = PBXGroup;
			children = (
				14F67827240630E100F3F89F /* AnimationAppHW.app */,
			);
			name = Products;
			sourceTree = "<group>";
		};
		14F67829240630E100F3F89F /* AnimationAppHW */ = {
			isa = PBXGroup;
			children = (
				14F6782A240630E100F3F89F /* AppDelegate.swift */,
				14F6782C240630E100F3F89F /* SceneDelegate.swift */,
				14F6782E240630E100F3F89F /* ViewController.swift */,
				14F67830240630E100F3F89F /* Main.storyboard */,
				14F6784024063F0700F3F89F /* DataManager.swift */,
				14F6783E240634BE00F3F89F /* AnimationModel.swift */,
				14F67833240630E200F3F89F /* Assets.xcassets */,
				14F67835240630E200F3F89F /* LaunchScreen.storyboard */,
				14F67838240630E200F3F89F /* Info.plist */,
			);
			path = AnimationAppHW;
			sourceTree = "<group>";
		};
		4615C56E30166E40FF18FA42 /* Pods */ = {
			isa = PBXGroup;
			children = (
				B430796E3A42B69F8993AA59 /* Pods-AnimationAppHW.debug.xcconfig */,
				AC8B50A8EE422A5078CA33BB /* Pods-AnimationAppHW.release.xcconfig */,
			);
			path = Pods;
			sourceTree = "<group>";
		};
		92E030C71AF5BA675E9FEC5A /* Frameworks */ = {
			isa = PBXGroup;
			children = (
				EC75FC53A80DF34D411969DE /* Pods_AnimationAppHW.framework */,
			);
			name = Frameworks;
			sourceTree = "<group>";
		};
/* End PBXGroup section */

/* Begin PBXNativeTarget section */
		14F67826240630E100F3F89F /* AnimationAppHW */ = {
			isa = PBXNativeTarget;
			buildConfigurationList = 14F6783B240630E200F3F89F /* Build configuration list for PBXNativeTarget "AnimationAppHW" */;
			buildPhases = (
				A7DD924B4369508AE7E709AB /* [CP] Check Pods Manifest.lock */,
				14F67823240630E100F3F89F /* Sources */,
				14F67824240630E100F3F89F /* Frameworks */,
				14F67825240630E100F3F89F /* Resources */,
				11118B23850529087A2F8A5A /* [CP] Embed Pods Frameworks */,
			);
			buildRules = (
			);
			dependencies = (
			);
			name = AnimationAppHW;
			productName = AnimationAppHW;
			productReference = 14F67827240630E100F3F89F /* AnimationAppHW.app */;
			productType = "com.apple.product-type.application";
		};
/* End PBXNativeTarget section */

/* Begin PBXProject section */
		14F6781F240630E100F3F89F /* Project object */ = {
			isa = PBXProject;
			attributes = {
				LastSwiftUpdateCheck = 1130;
				LastUpgradeCheck = 1130;
				ORGANIZATIONNAME = Inna;
				TargetAttributes = {
					14F67826240630E100F3F89F = {
						CreatedOnToolsVersion = 11.3.1;
					};
				};
			};
			buildConfigurationList = 14F67822240630E100F3F89F /* Build configuration list for PBXProject "AnimationAppHW" */;
			compatibilityVersion = "Xcode 9.3";
			developmentRegion = en;
			hasScannedForEncodings = 0;
			knownRegions = (
				en,
				Base,
			);
			mainGroup = 14F6781E240630E100F3F89F;
			productRefGroup = 14F67828240630E100F3F89F /* Products */;
			projectDirPath = "";
			projectRoot = "";
			targets = (
				14F67826240630E100F3F89F /* AnimationAppHW */,
			);
		};
/* End PBXProject section */

/* Begin PBXResourcesBuildPhase section */
		14F67825240630E100F3F89F /* Resources */ = {
			isa = PBXResourcesBuildPhase;
			buildActionMask = 2147483647;
			files = (
				14F67837240630E200F3F89F /* LaunchScreen.storyboard in Resources */,
				14F67834240630E200F3F89F /* Assets.xcassets in Resources */,
				14F67832240630E100F3F89F /* Main.storyboard in Resources */,
			);
			runOnlyForDeploymentPostprocessing = 0;
		};
/* End PBXResourcesBuildPhase section */

/* Begin PBXShellScriptBuildPhase section */
		11118B23850529087A2F8A5A /* [CP] Embed Pods Frameworks */ = {
			isa = PBXShellScriptBuildPhase;
			buildActionMask = 2147483647;
			files = (
			);
			inputFileListPaths = (
				"${PODS_ROOT}/Target Support Files/Pods-AnimationAppHW/Pods-AnimationAppHW-frameworks-${CONFIGURATION}-input-files.xcfilelist",
			);
			name = "[CP] Embed Pods Frameworks";
			outputFileListPaths = (
				"${PODS_ROOT}/Target Support Files/Pods-AnimationAppHW/Pods-AnimationAppHW-frameworks-${CONFIGURATION}-output-files.xcfilelist",
			);
			runOnlyForDeploymentPostprocessing = 0;
			shellPath = /bin/sh;
			shellScript = "\"${PODS_ROOT}/Target Support Files/Pods-AnimationAppHW/Pods-AnimationAppHW-frameworks.sh\"\n";
			showEnvVarsInLog = 0;
		};
		A7DD924B4369508AE7E709AB /* [CP] Check Pods Manifest.lock */ = {
			isa = PBXShellScriptBuildPhase;
			buildActionMask = 2147483647;
			files = (
			);
			inputFileListPaths = (
			);
			inputPaths = (
				"${PODS_PODFILE_DIR_PATH}/Podfile.lock",
				"${PODS_ROOT}/Manifest.lock",
			);
			name = "[CP] Check Pods Manifest.lock";
			outputFileListPaths = (
			);
			outputPaths = (
				"$(DERIVED_FILE_DIR)/Pods-AnimationAppHW-checkManifestLockResult.txt",
			);
			runOnlyForDeploymentPostprocessing = 0;
			shellPath = /bin/sh;
			shellScript = "diff \"${PODS_PODFILE_DIR_PATH}/Podfile.lock\" \"${PODS_ROOT}/Manifest.lock\" > /dev/null\nif [ $? != 0 ] ; then\n    # print error to STDERR\n    echo \"error: The sandbox is not in sync with the Podfile.lock. Run 'pod install' or update your CocoaPods installation.\" >&2\n    exit 1\nfi\n# This output is used by Xcode 'outputs' to avoid re-running this script phase.\necho \"SUCCESS\" > \"${SCRIPT_OUTPUT_FILE_0}\"\n";
			showEnvVarsInLog = 0;
		};
/* End PBXShellScriptBuildPhase section */

/* Begin PBXSourcesBuildPhase section */
		14F67823240630E100F3F89F /* Sources */ = {
			isa = PBXSourcesBuildPhase;
			buildActionMask = 2147483647;
			files = (
				14F6783F240634BE00F3F89F /* AnimationModel.swift in Sources */,
				14F6784124063F0700F3F89F /* DataManager.swift in Sources */,
				14F6782F240630E100F3F89F /* ViewController.swift in Sources */,
				14F6782B240630E100F3F89F /* AppDelegate.swift in Sources */,
				14F6782D240630E100F3F89F /* SceneDelegate.swift in Sources */,
			);
			runOnlyForDeploymentPostprocessing = 0;
		};
/* End PBXSourcesBuildPhase section */

/* Begin PBXVariantGroup section */
		14F67830240630E100F3F89F /* Main.storyboard */ = {
			isa = PBXVariantGroup;
			children = (
				14F67831240630E100F3F89F /* Base */,
			);
			name = Main.storyboard;
			sourceTree = "<group>";
		};
		14F67835240630E200F3F89F /* LaunchScreen.storyboard */ = {
			isa = PBXVariantGroup;
			children = (
				14F67836240630E200F3F89F /* Base */,
			);
			name = LaunchScreen.storyboard;
			sourceTree = "<group>";
		};
/* End PBXVariantGroup section */

/* Begin XCBuildConfiguration section */
		14F67839240630E200F3F89F /* Debug */ = {
			isa = XCBuildConfiguration;
			buildSettings = {
				ALWAYS_SEARCH_USER_PATHS = NO;
				CLANG_ANALYZER_NONNULL = YES;
				CLANG_ANALYZER_NUMBER_OBJECT_CONVERSION = YES_AGGRESSIVE;
				CLANG_CXX_LANGUAGE_STANDARD = "gnu++14";
				CLANG_CXX_LIBRARY = "libc++";
				CLANG_ENABLE_MODULES = YES;
				CLANG_ENABLE_OBJC_ARC = YES;
				CLANG_ENABLE_OBJC_WEAK = YES;
				CLANG_WARN_BLOCK_CAPTURE_AUTORELEASING = YES;
				CLANG_WARN_BOOL_CONVERSION = YES;
				CLANG_WARN_COMMA = YES;
				CLANG_WARN_CONSTANT_CONVERSION = YES;
				CLANG_WARN_DEPRECATED_OBJC_IMPLEMENTATIONS = YES;
				CLANG_WARN_DIRECT_OBJC_ISA_USAGE = YES_ERROR;
				CLANG_WARN_DOCUMENTATION_COMMENTS = YES;
				CLANG_WARN_EMPTY_BODY = YES;
				CLANG_WARN_ENUM_CONVERSION = YES;
				CLANG_WARN_INFINITE_RECURSION = YES;
				CLANG_WARN_INT_CONVERSION = YES;
				CLANG_WARN_NON_LITERAL_NULL_CONVERSION = YES;
				CLANG_WARN_OBJC_IMPLICIT_RETAIN_SELF = YES;
				CLANG_WARN_OBJC_LITERAL_CONVERSION = YES;
				CLANG_WARN_OBJC_ROOT_CLASS = YES_ERROR;
				CLANG_WARN_RANGE_LOOP_ANALYSIS = YES;
				CLANG_WARN_STRICT_PROTOTYPES = YES;
				CLANG_WARN_SUSPICIOUS_MOVE = YES;
				CLANG_WARN_UNGUARDED_AVAILABILITY = YES_AGGRESSIVE;
				CLANG_WARN_UNREACHABLE_CODE = YES;
				CLANG_WARN__DUPLICATE_METHOD_MATCH = YES;
				COPY_PHASE_STRIP = NO;
				DEBUG_INFORMATION_FORMAT = dwarf;
				ENABLE_STRICT_OBJC_MSGSEND = YES;
				ENABLE_TESTABILITY = YES;
				GCC_C_LANGUAGE_STANDARD = gnu11;
				GCC_DYNAMIC_NO_PIC = NO;
				GCC_NO_COMMON_BLOCKS = YES;
				GCC_OPTIMIZATION_LEVEL = 0;
				GCC_PREPROCESSOR_DEFINITIONS = (
					"DEBUG=1",
					"$(inherited)",
				);
				GCC_WARN_64_TO_32_BIT_CONVERSION = YES;
				GCC_WARN_ABOUT_RETURN_TYPE = YES_ERROR;
				GCC_WARN_UNDECLARED_SELECTOR = YES;
				GCC_WARN_UNINITIALIZED_AUTOS = YES_AGGRESSIVE;
				GCC_WARN_UNUSED_FUNCTION = YES;
				GCC_WARN_UNUSED_VARIABLE = YES;
				IPHONEOS_DEPLOYMENT_TARGET = 13.2;
				MTL_ENABLE_DEBUG_INFO = INCLUDE_SOURCE;
				MTL_FAST_MATH = YES;
				ONLY_ACTIVE_ARCH = YES;
				SDKROOT = iphoneos;
				SWIFT_ACTIVE_COMPILATION_CONDITIONS = DEBUG;
				SWIFT_OPTIMIZATION_LEVEL = "-Onone";
			};
			name = Debug;
		};
		14F6783A240630E200F3F89F /* Release */ = {
			isa = XCBuildConfiguration;
			buildSettings = {
				ALWAYS_SEARCH_USER_PATHS = NO;
				CLANG_ANALYZER_NONNULL = YES;
				CLANG_ANALYZER_NUMBER_OBJECT_CONVERSION = YES_AGGRESSIVE;
				CLANG_CXX_LANGUAGE_STANDARD = "gnu++14";
				CLANG_CXX_LIBRARY = "libc++";
				CLANG_ENABLE_MODULES = YES;
				CLANG_ENABLE_OBJC_ARC = YES;
				CLANG_ENABLE_OBJC_WEAK = YES;
				CLANG_WARN_BLOCK_CAPTURE_AUTORELEASING = YES;
				CLANG_WARN_BOOL_CONVERSION = YES;
				CLANG_WARN_COMMA = YES;
				CLANG_WARN_CONSTANT_CONVERSION = YES;
				CLANG_WARN_DEPRECATED_OBJC_IMPLEMENTATIONS = YES;
				CLANG_WARN_DIRECT_OBJC_ISA_USAGE = YES_ERROR;
				CLANG_WARN_DOCUMENTATION_COMMENTS = YES;
				CLANG_WARN_EMPTY_BODY = YES;
				CLANG_WARN_ENUM_CONVERSION = YES;
				CLANG_WARN_INFINITE_RECURSION = YES;
				CLANG_WARN_INT_CONVERSION = YES;
				CLANG_WARN_NON_LITERAL_NULL_CONVERSION = YES;
				CLANG_WARN_OBJC_IMPLICIT_RETAIN_SELF = YES;
				CLANG_WARN_OBJC_LITERAL_CONVERSION = YES;
				CLANG_WARN_OBJC_ROOT_CLASS = YES_ERROR;
				CLANG_WARN_RANGE_LOOP_ANALYSIS = YES;
				CLANG_WARN_STRICT_PROTOTYPES = YES;
				CLANG_WARN_SUSPICIOUS_MOVE = YES;
				CLANG_WARN_UNGUARDED_AVAILABILITY = YES_AGGRESSIVE;
				CLANG_WARN_UNREACHABLE_CODE = YES;
				CLANG_WARN__DUPLICATE_METHOD_MATCH = YES;
				COPY_PHASE_STRIP = NO;
				DEBUG_INFORMATION_FORMAT = "dwarf-with-dsym";
				ENABLE_NS_ASSERTIONS = NO;
				ENABLE_STRICT_OBJC_MSGSEND = YES;
				GCC_C_LANGUAGE_STANDARD = gnu11;
				GCC_NO_COMMON_BLOCKS = YES;
				GCC_WARN_64_TO_32_BIT_CONVERSION = YES;
				GCC_WARN_ABOUT_RETURN_TYPE = YES_ERROR;
				GCC_WARN_UNDECLARED_SELECTOR = YES;
				GCC_WARN_UNINITIALIZED_AUTOS = YES_AGGRESSIVE;
				GCC_WARN_UNUSED_FUNCTION = YES;
				GCC_WARN_UNUSED_VARIABLE = YES;
				IPHONEOS_DEPLOYMENT_TARGET = 13.2;
				MTL_ENABLE_DEBUG_INFO = NO;
				MTL_FAST_MATH = YES;
				SDKROOT = iphoneos;
				SWIFT_COMPILATION_MODE = wholemodule;
				SWIFT_OPTIMIZATION_LEVEL = "-O";
				VALIDATE_PRODUCT = YES;
			};
			name = Release;
		};
		14F6783C240630E200F3F89F /* Debug */ = {
			isa = XCBuildConfiguration;
			baseConfigurationReference = B430796E3A42B69F8993AA59 /* Pods-AnimationAppHW.debug.xcconfig */;
			buildSettings = {
				ASSETCATALOG_COMPILER_APPICON_NAME = AppIcon;
				CODE_SIGN_STYLE = Automatic;
				DEVELOPMENT_TEAM = DDCARHDN4A;
				INFOPLIST_FILE = AnimationAppHW/Info.plist;
				LD_RUNPATH_SEARCH_PATHS = (
					"$(inherited)",
					"@executable_path/Frameworks",
				);
				PRODUCT_BUNDLE_IDENTIFIER = "-13.AnimationAppHW";
				PRODUCT_NAME = "$(TARGET_NAME)";
				SWIFT_VERSION = 5.0;
				TARGETED_DEVICE_FAMILY = "1,2";
			};
			name = Debug;
		};
		14F6783D240630E200F3F89F /* Release */ = {
			isa = XCBuildConfiguration;
			baseConfigurationReference = AC8B50A8EE422A5078CA33BB /* Pods-AnimationAppHW.release.xcconfig */;
			buildSettings = {
				ASSETCATALOG_COMPILER_APPICON_NAME = AppIcon;
				CODE_SIGN_STYLE = Automatic;
				DEVELOPMENT_TEAM = DDCARHDN4A;
				INFOPLIST_FILE = AnimationAppHW/Info.plist;
				LD_RUNPATH_SEARCH_PATHS = (
					"$(inherited)",
					"@executable_path/Frameworks",
				);
				PRODUCT_BUNDLE_IDENTIFIER = "-13.AnimationAppHW";
				PRODUCT_NAME = "$(TARGET_NAME)";
				SWIFT_VERSION = 5.0;
				TARGETED_DEVICE_FAMILY = "1,2";
			};
			name = Release;
		};
/* End XCBuildConfiguration section */

/* Begin XCConfigurationList section */
		14F67822240630E100F3F89F /* Build configuration list for PBXProject "AnimationAppHW" */ = {
			isa = XCConfigurationList;
			buildConfigurations = (
				14F67839240630E200F3F89F /* Debug */,
				14F6783A240630E200F3F89F /* Release */,
			);
			defaultConfigurationIsVisible = 0;
			defaultConfigurationName = Release;
		};
		14F6783B240630E200F3F89F /* Build configuration list for PBXNativeTarget "AnimationAppHW" */ = {
			isa = XCConfigurationList;
			buildConfigurations = (
				14F6783C240630E200F3F89F /* Debug */,
				14F6783D240630E200F3F89F /* Release */,
			);
			defaultConfigurationIsVisible = 0;
			defaultConfigurationName = Release;
		};
/* End XCConfigurationList section */
	};
	rootObject = 14F6781F240630E100F3F89F /* Project object */;
}
